
Microsoft Visual Studio Solution File, Format Version 12.00
# Visual Studio Version 17
VisualStudioVersion = 17.10.34916.146
MinimumVisualStudioVersion = 10.0.40219.1
Project("{FAE04EC0-301F-11D3-BF4B-00C04F79EFBC}") = "SY22_PRRPRR02_05_Arv", "SY22_PRRPRR02_05_Arv\SY22_PRRPRR02_05_Arv.csproj", "{2F9A5371-40E5-4D60-821E-7ADF3F77A14F}"
EndProject
Global
	GlobalSection(SolutionConfigurationPlatforms) = preSolution
		Debug|Any CPU = Debug|Any CPU
		Release|Any CPU = Release|Any CPU
	EndGlobalSection
	GlobalSection(ProjectConfigurationPlatforms) = postSolution
		{2F9A5371-40E5-4D60-821E-7ADF3F77A14F}.Debug|Any CPU.ActiveCfg = Debug|Any CPU
		{2F9A5371-40E5-4D60-821E-7ADF3F77A14F}.Debug|Any CPU.Build.0 = Debug|Any CPU
		{2F9A5371-40E5-4D60-821E-7ADF3F77A14F}.Release|Any CPU.ActiveCfg = Release|Any CPU
		{2F9A5371-40E5-4D60-821E-7ADF3F77A14F}.Release|Any CPU.Build.0 = Release|Any CPU
	EndGlobalSection
	GlobalSection(SolutionProperties) = preSolution
		HideSolutionNode = FALSE
	EndGlobalSection
	GlobalSection(ExtensibilityGlobals) = postSolution
		SolutionGuid = {F8E178D7-CBFC-44C9-999B-2261666A51E2}
	EndGlobalSection
EndGlobal
